
Microsoft Visual Studio Solution File, Format Version 12.00
# Visual Studio Version 17
VisualStudioVersion = 17.3.32819.101
MinimumVisualStudioVersion = 10.0.40219.1
Project("{888888A0-9F3D-457C-B088-3A5042F75D52}") = "Kapitel 5 uppgift 5", "Kapitel 5 uppgift 5\Kapitel 5 uppgift 5.pyproj", "{55A1443C-C85D-43C7-859A-673A1F463077}"
EndProject
Global
	GlobalSection(SolutionConfigurationPlatforms) = preSolution
		Debug|Any CPU = Debug|Any CPU
		Release|Any CPU = Release|Any CPU
	EndGlobalSection
	GlobalSection(ProjectConfigurationPlatforms) = postSolution
		{55A1443C-C85D-43C7-859A-673A1F463077}.Debug|Any CPU.ActiveCfg = Debug|Any CPU
		{55A1443C-C85D-43C7-859A-673A1F463077}.Release|Any CPU.ActiveCfg = Release|Any CPU
	EndGlobalSection
	GlobalSection(SolutionProperties) = preSolution
		HideSolutionNode = FALSE
	EndGlobalSection
	GlobalSection(ExtensibilityGlobals) = postSolution
		SolutionGuid = {EC8A3AC7-017A-4CDE-B929-80D203C7206A}
	EndGlobalSection
EndGlobal
